
Microsoft Visual Studio Solution File, Format Version 12.00
# Visual Studio Version 17
VisualStudioVersion = 17.14.36025.13
MinimumVisualStudioVersion = 10.0.40219.1
Project("{FAE04EC0-301F-11D3-BF4B-00C04F79EFBC}") = "ProductManagements", "ProductManagements.csproj", "{6FC654AE-843C-BE36-4FE8-98A2C854CDA2}"
EndProject
Global
	GlobalSection(SolutionConfigurationPlatforms) = preSolution
		Debug|Any CPU = Debug|Any CPU
		Release|Any CPU = Release|Any CPU
	EndGlobalSection
	GlobalSection(ProjectConfigurationPlatforms) = postSolution
		{6FC654AE-843C-BE36-4FE8-98A2C854CDA2}.Debug|Any CPU.ActiveCfg = Release|Any CPU
		{6FC654AE-843C-BE36-4FE8-98A2C854CDA2}.Debug|Any CPU.Build.0 = Release|Any CPU
		{6FC654AE-843C-BE36-4FE8-98A2C854CDA2}.Release|Any CPU.ActiveCfg = Release|Any CPU
		{6FC654AE-843C-BE36-4FE8-98A2C854CDA2}.Release|Any CPU.Build.0 = Release|Any CPU
	EndGlobalSection
	GlobalSection(SolutionProperties) = preSolution
		HideSolutionNode = FALSE
	EndGlobalSection
	GlobalSection(ExtensibilityGlobals) = postSolution
		SolutionGuid = {91F7E083-1CAE-442D-A9B0-8B7175479798}
	EndGlobalSection
EndGlobal
